
Microsoft Visual Studio Solution File, Format Version 12.00
# Visual Studio Version 17
VisualStudioVersion = 17.11.35312.102
MinimumVisualStudioVersion = 10.0.40219.1
Project("{FAE04EC0-301F-11D3-BF4B-00C04F79EFBC}") = "Inheritance", "Inheritance\Inheritance.csproj", "{4CAB7E9D-3AA5-43F4-8BA5-7D6D897E1CD2}"
EndProject
Global
	GlobalSection(SolutionConfigurationPlatforms) = preSolution
		Debug|Any CPU = Debug|Any CPU
		Release|Any CPU = Release|Any CPU
	EndGlobalSection
	GlobalSection(ProjectConfigurationPlatforms) = postSolution
		{4CAB7E9D-3AA5-43F4-8BA5-7D6D897E1CD2}.Debug|Any CPU.ActiveCfg = Debug|Any CPU
		{4CAB7E9D-3AA5-43F4-8BA5-7D6D897E1CD2}.Debug|Any CPU.Build.0 = Debug|Any CPU
		{4CAB7E9D-3AA5-43F4-8BA5-7D6D897E1CD2}.Release|Any CPU.ActiveCfg = Release|Any CPU
		{4CAB7E9D-3AA5-43F4-8BA5-7D6D897E1CD2}.Release|Any CPU.Build.0 = Release|Any CPU
	EndGlobalSection
	GlobalSection(SolutionProperties) = preSolution
		HideSolutionNode = FALSE
	EndGlobalSection
	GlobalSection(ExtensibilityGlobals) = postSolution
		SolutionGuid = {4D889570-E7FC-484A-8D91-2663DF6E2B91}
	EndGlobalSection
EndGlobal
